
Microsoft Visual Studio Solution File, Format Version 12.00
# Visual Studio Version 17
VisualStudioVersion = 17.0.32126.317
MinimumVisualStudioVersion = 10.0.40219.1
Project("{FAE04EC0-301F-11D3-BF4B-00C04F79EFBC}") = "Задача 1", "Задача 1.csproj", "{A3A48934-F50F-417D-8F09-03E5351601CF}"
EndProject
Global
	GlobalSection(SolutionConfigurationPlatforms) = preSolution
		Debug|Any CPU = Debug|Any CPU
		Release|Any CPU = Release|Any CPU
	EndGlobalSection
	GlobalSection(ProjectConfigurationPlatforms) = postSolution
		{A3A48934-F50F-417D-8F09-03E5351601CF}.Debug|Any CPU.ActiveCfg = Debug|Any CPU
		{A3A48934-F50F-417D-8F09-03E5351601CF}.Debug|Any CPU.Build.0 = Debug|Any CPU
		{A3A48934-F50F-417D-8F09-03E5351601CF}.Release|Any CPU.ActiveCfg = Release|Any CPU
		{A3A48934-F50F-417D-8F09-03E5351601CF}.Release|Any CPU.Build.0 = Release|Any CPU
	EndGlobalSection
	GlobalSection(SolutionProperties) = preSolution
		HideSolutionNode = FALSE
	EndGlobalSection
	GlobalSection(ExtensibilityGlobals) = postSolution
		SolutionGuid = {E337A44A-9133-436D-A7CC-38D1BCCE1525}
	EndGlobalSection
EndGlobal
